
Microsoft Visual Studio Solution File, Format Version 12.00
# Visual Studio Version 17
VisualStudioVersion = 17.3.32819.101
MinimumVisualStudioVersion = 10.0.40219.1
Project("{FAE04EC0-301F-11D3-BF4B-00C04F79EFBC}") = "pryRodriguezSP2A", "pryRodriguezSP2A.csproj", "{25B38F0E-6EEB-47B2-A802-FC6681EA961F}"
EndProject
Global
	GlobalSection(SolutionConfigurationPlatforms) = preSolution
		Debug|Any CPU = Debug|Any CPU
		Release|Any CPU = Release|Any CPU
	EndGlobalSection
	GlobalSection(ProjectConfigurationPlatforms) = postSolution
		{25B38F0E-6EEB-47B2-A802-FC6681EA961F}.Debug|Any CPU.ActiveCfg = Debug|Any CPU
		{25B38F0E-6EEB-47B2-A802-FC6681EA961F}.Debug|Any CPU.Build.0 = Debug|Any CPU
		{25B38F0E-6EEB-47B2-A802-FC6681EA961F}.Release|Any CPU.ActiveCfg = Release|Any CPU
		{25B38F0E-6EEB-47B2-A802-FC6681EA961F}.Release|Any CPU.Build.0 = Release|Any CPU
	EndGlobalSection
	GlobalSection(SolutionProperties) = preSolution
		HideSolutionNode = FALSE
	EndGlobalSection
	GlobalSection(ExtensibilityGlobals) = postSolution
		SolutionGuid = {4B95120F-62D2-472D-B7A8-CB0178D4E5F0}
	EndGlobalSection
EndGlobal
